
Microsoft Visual Studio Solution File, Format Version 12.00
# Visual Studio 14
VisualStudioVersion = 14.0.25420.1
MinimumVisualStudioVersion = 10.0.40219.1
Project("{2150E333-8FDC-42A3-9474-1A3956D46DE8}") = "Hogon.Store.Models", "Hogon.Store.Models", "{0619DFE8-59A3-40AD-8B34-17401800A068}"
EndProject
Project("{2150E333-8FDC-42A3-9474-1A3956D46DE8}") = "Hogon.Store.Services", "Hogon.Store.Services", "{8519F9D4-02D2-4063-A088-E6B32A47AF48}"
EndProject
Project("{2150E333-8FDC-42A3-9474-1A3956D46DE8}") = "Hogon.Store.UserInterface", "Hogon.Store.UserInterface", "{C87C45F0-AFC9-4C06-8944-263BF899E325}"
EndProject
Project("{2150E333-8FDC-42A3-9474-1A3956D46DE8}") = "Hogon.Store.Utilities", "Hogon.Store.Utilities", "{26374709-A68C-4813-950A-268AED3D00E9}"
EndProject
Project("{2150E333-8FDC-42A3-9474-1A3956D46DE8}") = "Hogon.Store.Repositories", "Hogon.Store.Repositories", "{BC631CDA-4859-42D7-B480-AAE766553502}"
EndProject
Project("{2150E333-8FDC-42A3-9474-1A3956D46DE8}") = "Hogon.Store.Test", "Hogon.Store.Test", "{21E31207-3F65-49FB-B1E1-9BFA1FB3E512}"
EndProject
Project("{2150E333-8FDC-42A3-9474-1A3956D46DE8}") = "Hogon.Store.Web", "Hogon.Store.Web", "{1F87D9B6-2DC4-4952-B606-0F2E80106F87}"
EndProject
Project("{FAE04EC0-301F-11D3-BF4B-00C04F79EFBC}") = "Hogon.Store.Models.Dto", "Hogon.Store.Models\Hogon.Store.Models.Dto\Hogon.Store.Models.Dto.csproj", "{08F1B603-99F3-4740-9F94-303C1664D92D}"
EndProject
Project("{FAE04EC0-301F-11D3-BF4B-00C04F79EFBC}") = "Hogon.Store.Models.Module", "Hogon.Store.Models\Hogon.Store.Models.Module\Hogon.Store.Models.Module.csproj", "{47075E2E-F1C3-4138-A472-7EA8BA9D3AA4}"
EndProject
Project("{FAE04EC0-301F-11D3-BF4B-00C04F79EFBC}") = "Hogon.Store.Models.Entities", "Hogon.Store.Models\HogonStore.Models.Entities\Hogon.Store.Models.Entities.csproj", "{4CF3A89C-099A-46AD-AB39-060B45B2C17B}"
EndProject
Project("{FAE04EC0-301F-11D3-BF4B-00C04F79EFBC}") = "Hogon.Store.Repositories", "Hogon.Store.Repositories\Hogon.Store.Repositories\Hogon.Store.Repositories.csproj", "{302EB03E-263F-4F6F-A68A-0717F3DE94AE}"
EndProject
Project("{FAE04EC0-301F-11D3-BF4B-00C04F79EFBC}") = "Hogon.Store.Test.UnitTest", "Hogon.Store.Test\Hogon.Store.Test.UnitTest\Hogon.Store.Test.UnitTest.csproj", "{F1634917-48C1-4885-A384-4B364818782B}"
EndProject
Project("{FAE04EC0-301F-11D3-BF4B-00C04F79EFBC}") = "Hogon.Store.Utilities.Constants", "Hogon.Store.Utilities\Hogon.Store.Utilities.Constants\Hogon.Store.Utilities.Constants.csproj", "{E77056BE-CE57-470B-8D7B-76A5481A152A}"
EndProject
Project("{FAE04EC0-301F-11D3-BF4B-00C04F79EFBC}") = "Hogon.Store.Web.Extension", "Hogon.Store.Web\Hogon.Store.Web.Extension\Hogon.Store.Web.Extension.csproj", "{045A96C3-1F77-44AF-813F-05807D3FB647}"
EndProject
Project("{FAE04EC0-301F-11D3-BF4B-00C04F79EFBC}") = "Hogon.Store.UserInterface.WebSite", "Hogon.Store.UserInterface\Hogon.Store.UserInterface.WebSite\Hogon.Store.UserInterface.WebSite.csproj", "{617DF0A9-3D86-4E62-9A7A-FFA7A4F38A8C}"
EndProject
Project("{FAE04EC0-301F-11D3-BF4B-00C04F79EFBC}") = "Hogon.Store.Services.DomainServices", "Hogon.Store.Services\Hogon.Services.DomainServices\Hogon.Store.Services.DomainServices.csproj", "{404EB7D9-CEB5-4F70-98DB-9353BDD09593}"
EndProject
Project("{FAE04EC0-301F-11D3-BF4B-00C04F79EFBC}") = "Hogon.Store.Services.ApplicationServices", "Hogon.Store.Services\Hogon.Store.Store.Services.ApplicationServices\Hogon.Store.Services.ApplicationServices.csproj", "{7CAAF7EB-FBBA-4F8D-82A7-7588425D048B}"
EndProject
Project("{FAE04EC0-301F-11D3-BF4B-00C04F79EFBC}") = "Hogon.Store.UserInterface.Admin", "Hogon.Store.UserInterface\Hogon.Store.UserInterface.Admin\Hogon.Store.UserInterface.Admin.csproj", "{4CB6DDCC-D984-47A5-A7A0-9823F995DA63}"
EndProject
Project("{FAE04EC0-301F-11D3-BF4B-00C04F79EFBC}") = "Hogon.Store.Models.FluentAPI", "Hogon.Store.Models\Hogon.Store.Models.FluentAPI\Hogon.Store.Models.FluentAPI.csproj", "{075C4E40-C031-47E9-8F34-1A8C21093C27}"
EndProject
Global
	GlobalSection(SolutionConfigurationPlatforms) = preSolution
		Debug|Any CPU = Debug|Any CPU
		Debug|ARM = Debug|ARM
		Debug|x64 = Debug|x64
		Debug|x86 = Debug|x86
		Release|Any CPU = Release|Any CPU
		Release|ARM = Release|ARM
		Release|x64 = Release|x64
		Release|x86 = Release|x86
	EndGlobalSection
	GlobalSection(ProjectConfigurationPlatforms) = postSolution
		{08F1B603-99F3-4740-9F94-303C1664D92D}.Debug|Any CPU.ActiveCfg = Debug|Any CPU
		{08F1B603-99F3-4740-9F94-303C1664D92D}.Debug|Any CPU.Build.0 = Debug|Any CPU
		{08F1B603-99F3-4740-9F94-303C1664D92D}.Debug|ARM.ActiveCfg = Debug|Any CPU
		{08F1B603-99F3-4740-9F94-303C1664D92D}.Debug|ARM.Build.0 = Debug|Any CPU
		{08F1B603-99F3-4740-9F94-303C1664D92D}.Debug|x64.ActiveCfg = Debug|Any CPU
		{08F1B603-99F3-4740-9F94-303C1664D92D}.Debug|x64.Build.0 = Debug|Any CPU
		{08F1B603-99F3-4740-9F94-303C1664D92D}.Debug|x86.ActiveCfg = Debug|Any CPU
		{08F1B603-99F3-4740-9F94-303C1664D92D}.Debug|x86.Build.0 = Debug|Any CPU
		{08F1B603-99F3-4740-9F94-303C1664D92D}.Release|Any CPU.ActiveCfg = Release|Any CPU
		{08F1B603-99F3-4740-9F94-303C1664D92D}.Release|Any CPU.Build.0 = Release|Any CPU
		{08F1B603-99F3-4740-9F94-303C1664D92D}.Release|ARM.ActiveCfg = Release|Any CPU
		{08F1B603-99F3-4740-9F94-303C1664D92D}.Release|ARM.Build.0 = Release|Any CPU
		{08F1B603-99F3-4740-9F94-303C1664D92D}.Release|x64.ActiveCfg = Release|Any CPU
		{08F1B603-99F3-4740-9F94-303C1664D92D}.Release|x64.Build.0 = Release|Any CPU
		{08F1B603-99F3-4740-9F94-303C1664D92D}.Release|x86.ActiveCfg = Release|Any CPU
		{08F1B603-99F3-4740-9F94-303C1664D92D}.Release|x86.Build.0 = Release|Any CPU
		{47075E2E-F1C3-4138-A472-7EA8BA9D3AA4}.Debug|Any CPU.ActiveCfg = Debug|Any CPU
		{47075E2E-F1C3-4138-A472-7EA8BA9D3AA4}.Debug|Any CPU.Build.0 = Debug|Any CPU
		{47075E2E-F1C3-4138-A472-7EA8BA9D3AA4}.Debug|ARM.ActiveCfg = Debug|Any CPU
		{47075E2E-F1C3-4138-A472-7EA8BA9D3AA4}.Debug|ARM.Build.0 = Debug|Any CPU
		{47075E2E-F1C3-4138-A472-7EA8BA9D3AA4}.Debug|x64.ActiveCfg = Debug|Any CPU
		{47075E2E-F1C3-4138-A472-7EA8BA9D3AA4}.Debug|x64.Build.0 = Debug|Any CPU
		{47075E2E-F1C3-4138-A472-7EA8BA9D3AA4}.Debug|x86.ActiveCfg = Debug|Any CPU
		{47075E2E-F1C3-4138-A472-7EA8BA9D3AA4}.Debug|x86.Build.0 = Debug|Any CPU
		{47075E2E-F1C3-4138-A472-7EA8BA9D3AA4}.Release|Any CPU.ActiveCfg = Release|Any CPU
		{47075E2E-F1C3-4138-A472-7EA8BA9D3AA4}.Release|Any CPU.Build.0 = Release|Any CPU
		{47075E2E-F1C3-4138-A472-7EA8BA9D3AA4}.Release|ARM.ActiveCfg = Release|Any CPU
		{47075E2E-F1C3-4138-A472-7EA8BA9D3AA4}.Release|ARM.Build.0 = Release|Any CPU
		{47075E2E-F1C3-4138-A472-7EA8BA9D3AA4}.Release|x64.ActiveCfg = Release|Any CPU
		{47075E2E-F1C3-4138-A472-7EA8BA9D3AA4}.Release|x64.Build.0 = Release|Any CPU
		{47075E2E-F1C3-4138-A472-7EA8BA9D3AA4}.Release|x86.ActiveCfg = Release|Any CPU
		{47075E2E-F1C3-4138-A472-7EA8BA9D3AA4}.Release|x86.Build.0 = Release|Any CPU
		{4CF3A89C-099A-46AD-AB39-060B45B2C17B}.Debug|Any CPU.ActiveCfg = Debug|Any CPU
		{4CF3A89C-099A-46AD-AB39-060B45B2C17B}.Debug|Any CPU.Build.0 = Debug|Any CPU
		{4CF3A89C-099A-46AD-AB39-060B45B2C17B}.Debug|ARM.ActiveCfg = Debug|Any CPU
		{4CF3A89C-099A-46AD-AB39-060B45B2C17B}.Debug|ARM.Build.0 = Debug|Any CPU
		{4CF3A89C-099A-46AD-AB39-060B45B2C17B}.Debug|x64.ActiveCfg = Debug|Any CPU
		{4CF3A89C-099A-46AD-AB39-060B45B2C17B}.Debug|x64.Build.0 = Debug|Any CPU
		{4CF3A89C-099A-46AD-AB39-060B45B2C17B}.Debug|x86.ActiveCfg = Debug|Any CPU
		{4CF3A89C-099A-46AD-AB39-060B45B2C17B}.Debug|x86.Build.0 = Debug|Any CPU
		{4CF3A89C-099A-46AD-AB39-060B45B2C17B}.Release|Any CPU.ActiveCfg = Release|Any CPU
		{4CF3A89C-099A-46AD-AB39-060B45B2C17B}.Release|Any CPU.Build.0 = Release|Any CPU
		{4CF3A89C-099A-46AD-AB39-060B45B2C17B}.Release|ARM.ActiveCfg = Release|Any CPU
		{4CF3A89C-099A-46AD-AB39-060B45B2C17B}.Release|ARM.Build.0 = Release|Any CPU
		{4CF3A89C-099A-46AD-AB39-060B45B2C17B}.Release|x64.ActiveCfg = Release|Any CPU
		{4CF3A89C-099A-46AD-AB39-060B45B2C17B}.Release|x64.Build.0 = Release|Any CPU
		{4CF3A89C-099A-46AD-AB39-060B45B2C17B}.Release|x86.ActiveCfg = Release|Any CPU
		{4CF3A89C-099A-46AD-AB39-060B45B2C17B}.Release|x86.Build.0 = Release|Any CPU
		{302EB03E-263F-4F6F-A68A-0717F3DE94AE}.Debug|Any CPU.ActiveCfg = Debug|Any CPU
		{302EB03E-263F-4F6F-A68A-0717F3DE94AE}.Debug|Any CPU.Build.0 = Debug|Any CPU
		{302EB03E-263F-4F6F-A68A-0717F3DE94AE}.Debug|ARM.ActiveCfg = Debug|Any CPU
		{302EB03E-263F-4F6F-A68A-0717F3DE94AE}.Debug|ARM.Build.0 = Debug|Any CPU
		{302EB03E-263F-4F6F-A68A-0717F3DE94AE}.Debug|x64.ActiveCfg = Debug|Any CPU
		{302EB03E-263F-4F6F-A68A-0717F3DE94AE}.Debug|x64.Build.0 = Debug|Any CPU
		{302EB03E-263F-4F6F-A68A-0717F3DE94AE}.Debug|x86.ActiveCfg = Debug|Any CPU
		{302EB03E-263F-4F6F-A68A-0717F3DE94AE}.Debug|x86.Build.0 = Debug|Any CPU
		{302EB03E-263F-4F6F-A68A-0717F3DE94AE}.Release|Any CPU.ActiveCfg = Release|Any CPU
		{302EB03E-263F-4F6F-A68A-0717F3DE94AE}.Release|Any CPU.Build.0 = Release|Any CPU
		{302EB03E-263F-4F6F-A68A-0717F3DE94AE}.Release|ARM.ActiveCfg = Release|Any CPU
		{302EB03E-263F-4F6F-A68A-0717F3DE94AE}.Release|ARM.Build.0 = Release|Any CPU
		{302EB03E-263F-4F6F-A68A-0717F3DE94AE}.Release|x64.ActiveCfg = Release|Any CPU
		{302EB03E-263F-4F6F-A68A-0717F3DE94AE}.Release|x64.Build.0 = Release|Any CPU
		{302EB03E-263F-4F6F-A68A-0717F3DE94AE}.Release|x86.ActiveCfg = Release|Any CPU
		{302EB03E-263F-4F6F-A68A-0717F3DE94AE}.Release|x86.Build.0 = Release|Any CPU
		{F1634917-48C1-4885-A384-4B364818782B}.Debug|Any CPU.ActiveCfg = Debug|Any CPU
		{F1634917-48C1-4885-A384-4B364818782B}.Debug|Any CPU.Build.0 = Debug|Any CPU
		{F1634917-48C1-4885-A384-4B364818782B}.Debug|ARM.ActiveCfg = Debug|Any CPU
		{F1634917-48C1-4885-A384-4B364818782B}.Debug|ARM.Build.0 = Debug|Any CPU
		{F1634917-48C1-4885-A384-4B364818782B}.Debug|x64.ActiveCfg = Debug|Any CPU
		{F1634917-48C1-4885-A384-4B364818782B}.Debug|x64.Build.0 = Debug|Any CPU
		{F1634917-48C1-4885-A384-4B364818782B}.Debug|x86.ActiveCfg = Debug|Any CPU
		{F1634917-48C1-4885-A384-4B364818782B}.Debug|x86.Build.0 = Debug|Any CPU
		{F1634917-48C1-4885-A384-4B364818782B}.Release|Any CPU.ActiveCfg = Release|Any CPU
		{F1634917-48C1-4885-A384-4B364818782B}.Release|Any CPU.Build.0 = Release|Any CPU
		{F1634917-48C1-4885-A384-4B364818782B}.Release|ARM.ActiveCfg = Release|Any CPU
		{F1634917-48C1-4885-A384-4B364818782B}.Release|ARM.Build.0 = Release|Any CPU
		{F1634917-48C1-4885-A384-4B364818782B}.Release|x64.ActiveCfg = Release|Any CPU
		{F1634917-48C1-4885-A384-4B364818782B}.Release|x64.Build.0 = Release|Any CPU
		{F1634917-48C1-4885-A384-4B364818782B}.Release|x86.ActiveCfg = Release|Any CPU
		{F1634917-48C1-4885-A384-4B364818782B}.Release|x86.Build.0 = Release|Any CPU
		{E77056BE-CE57-470B-8D7B-76A5481A152A}.Debug|Any CPU.ActiveCfg = Debug|Any CPU
		{E77056BE-CE57-470B-8D7B-76A5481A152A}.Debug|Any CPU.Build.0 = Debug|Any CPU
		{E77056BE-CE57-470B-8D7B-76A5481A152A}.Debug|ARM.ActiveCfg = Debug|Any CPU
		{E77056BE-CE57-470B-8D7B-76A5481A152A}.Debug|ARM.Build.0 = Debug|Any CPU
		{E77056BE-CE57-470B-8D7B-76A5481A152A}.Debug|x64.ActiveCfg = Debug|Any CPU
		{E77056BE-CE57-470B-8D7B-76A5481A152A}.Debug|x64.Build.0 = Debug|Any CPU
		{E77056BE-CE57-470B-8D7B-76A5481A152A}.Debug|x86.ActiveCfg = Debug|Any CPU
		{E77056BE-CE57-470B-8D7B-76A5481A152A}.Debug|x86.Build.0 = Debug|Any CPU
		{E77056BE-CE57-470B-8D7B-76A5481A152A}.Release|Any CPU.ActiveCfg = Release|Any CPU
		{E77056BE-CE57-470B-8D7B-76A5481A152A}.Release|Any CPU.Build.0 = Release|Any CPU
		{E77056BE-CE57-470B-8D7B-76A5481A152A}.Release|ARM.ActiveCfg = Release|Any CPU
		{E77056BE-CE57-470B-8D7B-76A5481A152A}.Release|ARM.Build.0 = Release|Any CPU
		{E77056BE-CE57-470B-8D7B-76A5481A152A}.Release|x64.ActiveCfg = Release|Any CPU
		{E77056BE-CE57-470B-8D7B-76A5481A152A}.Release|x64.Build.0 = Release|Any CPU
		{E77056BE-CE57-470B-8D7B-76A5481A152A}.Release|x86.ActiveCfg = Release|Any CPU
		{E77056BE-CE57-470B-8D7B-76A5481A152A}.Release|x86.Build.0 = Release|Any CPU
		{045A96C3-1F77-44AF-813F-05807D3FB647}.Debug|Any CPU.ActiveCfg = Debug|Any CPU
		{045A96C3-1F77-44AF-813F-05807D3FB647}.Debug|Any CPU.Build.0 = Debug|Any CPU
		{045A96C3-1F77-44AF-813F-05807D3FB647}.Debug|ARM.ActiveCfg = Debug|Any CPU
		{045A96C3-1F77-44AF-813F-05807D3FB647}.Debug|ARM.Build.0 = Debug|Any CPU
		{045A96C3-1F77-44AF-813F-05807D3FB647}.Debug|x64.ActiveCfg = Debug|Any CPU
		{045A96C3-1F77-44AF-813F-05807D3FB647}.Debug|x64.Build.0 = Debug|Any CPU
		{045A96C3-1F77-44AF-813F-05807D3FB647}.Debug|x86.ActiveCfg = Debug|Any CPU
		{045A96C3-1F77-44AF-813F-05807D3FB647}.Debug|x86.Build.0 = Debug|Any CPU
		{045A96C3-1F77-44AF-813F-05807D3FB647}.Release|Any CPU.ActiveCfg = Release|Any CPU
		{045A96C3-1F77-44AF-813F-05807D3FB647}.Release|Any CPU.Build.0 = Release|Any CPU
		{045A96C3-1F77-44AF-813F-05807D3FB647}.Release|ARM.ActiveCfg = Release|Any CPU
		{045A96C3-1F77-44AF-813F-05807D3FB647}.Release|ARM.Build.0 = Release|Any CPU
		{045A96C3-1F77-44AF-813F-05807D3FB647}.Release|x64.ActiveCfg = Release|Any CPU
		{045A96C3-1F77-44AF-813F-05807D3FB647}.Release|x64.Build.0 = Release|Any CPU
		{045A96C3-1F77-44AF-813F-05807D3FB647}.Release|x86.ActiveCfg = Release|Any CPU
		{045A96C3-1F77-44AF-813F-05807D3FB647}.Release|x86.Build.0 = Release|Any CPU
		{617DF0A9-3D86-4E62-9A7A-FFA7A4F38A8C}.Debug|Any CPU.ActiveCfg = Debug|Any CPU
		{617DF0A9-3D86-4E62-9A7A-FFA7A4F38A8C}.Debug|Any CPU.Build.0 = Debug|Any CPU
		{617DF0A9-3D86-4E62-9A7A-FFA7A4F38A8C}.Debug|ARM.ActiveCfg = Debug|Any CPU
		{617DF0A9-3D86-4E62-9A7A-FFA7A4F38A8C}.Debug|ARM.Build.0 = Debug|Any CPU
		{617DF0A9-3D86-4E62-9A7A-FFA7A4F38A8C}.Debug|x64.ActiveCfg = Debug|Any CPU
		{617DF0A9-3D86-4E62-9A7A-FFA7A4F38A8C}.Debug|x64.Build.0 = Debug|Any CPU
		{617DF0A9-3D86-4E62-9A7A-FFA7A4F38A8C}.Debug|x86.ActiveCfg = Debug|Any CPU
		{617DF0A9-3D86-4E62-9A7A-FFA7A4F38A8C}.Debug|x86.Build.0 = Debug|Any CPU
		{617DF0A9-3D86-4E62-9A7A-FFA7A4F38A8C}.Release|Any CPU.ActiveCfg = Release|Any CPU
		{617DF0A9-3D86-4E62-9A7A-FFA7A4F38A8C}.Release|Any CPU.Build.0 = Release|Any CPU
		{617DF0A9-3D86-4E62-9A7A-FFA7A4F38A8C}.Release|ARM.ActiveCfg = Release|Any CPU
		{617DF0A9-3D86-4E62-9A7A-FFA7A4F38A8C}.Release|ARM.Build.0 = Release|Any CPU
		{617DF0A9-3D86-4E62-9A7A-FFA7A4F38A8C}.Release|x64.ActiveCfg = Release|Any CPU
		{617DF0A9-3D86-4E62-9A7A-FFA7A4F38A8C}.Release|x64.Build.0 = Release|Any CPU
		{617DF0A9-3D86-4E62-9A7A-FFA7A4F38A8C}.Release|x86.ActiveCfg = Release|Any CPU
		{617DF0A9-3D86-4E62-9A7A-FFA7A4F38A8C}.Release|x86.Build.0 = Release|Any CPU
		{404EB7D9-CEB5-4F70-98DB-9353BDD09593}.Debug|Any CPU.ActiveCfg = Debug|Any CPU
		{404EB7D9-CEB5-4F70-98DB-9353BDD09593}.Debug|Any CPU.Build.0 = Debug|Any CPU
		{404EB7D9-CEB5-4F70-98DB-9353BDD09593}.Debug|ARM.ActiveCfg = Debug|Any CPU
		{404EB7D9-CEB5-4F70-98DB-9353BDD09593}.Debug|ARM.Build.0 = Debug|Any CPU
		{404EB7D9-CEB5-4F70-98DB-9353BDD09593}.Debug|x64.ActiveCfg = Debug|Any CPU
		{404EB7D9-CEB5-4F70-98DB-9353BDD09593}.Debug|x64.Build.0 = Debug|Any CPU
		{404EB7D9-CEB5-4F70-98DB-9353BDD09593}.Debug|x86.ActiveCfg = Debug|Any CPU
		{404EB7D9-CEB5-4F70-98DB-9353BDD09593}.Debug|x86.Build.0 = Debug|Any CPU
		{404EB7D9-CEB5-4F70-98DB-9353BDD09593}.Release|Any CPU.ActiveCfg = Release|Any CPU
		{404EB7D9-CEB5-4F70-98DB-9353BDD09593}.Release|Any CPU.Build.0 = Release|Any CPU
		{404EB7D9-CEB5-4F70-98DB-9353BDD09593}.Release|ARM.ActiveCfg = Release|Any CPU
		{404EB7D9-CEB5-4F70-98DB-9353BDD09593}.Release|ARM.Build.0 = Release|Any CPU
		{404EB7D9-CEB5-4F70-98DB-9353BDD09593}.Release|x64.ActiveCfg = Release|Any CPU
		{404EB7D9-CEB5-4F70-98DB-9353BDD09593}.Release|x64.Build.0 = Release|Any CPU
		{404EB7D9-CEB5-4F70-98DB-9353BDD09593}.Release|x86.ActiveCfg = Release|Any CPU
		{404EB7D9-CEB5-4F70-98DB-9353BDD09593}.Release|x86.Build.0 = Release|Any CPU
		{7CAAF7EB-FBBA-4F8D-82A7-7588425D048B}.Debug|Any CPU.ActiveCfg = Debug|Any CPU
		{7CAAF7EB-FBBA-4F8D-82A7-7588425D048B}.Debug|Any CPU.Build.0 = Debug|Any CPU
		{7CAAF7EB-FBBA-4F8D-82A7-7588425D048B}.Debug|ARM.ActiveCfg = Debug|Any CPU
		{7CAAF7EB-FBBA-4F8D-82A7-7588425D048B}.Debug|ARM.Build.0 = Debug|Any CPU
		{7CAAF7EB-FBBA-4F8D-82A7-7588425D048B}.Debug|x64.ActiveCfg = Debug|Any CPU
		{7CAAF7EB-FBBA-4F8D-82A7-7588425D048B}.Debug|x64.Build.0 = Debug|Any CPU
		{7CAAF7EB-FBBA-4F8D-82A7-7588425D048B}.Debug|x86.ActiveCfg = Debug|Any CPU
		{7CAAF7EB-FBBA-4F8D-82A7-7588425D048B}.Debug|x86.Build.0 = Debug|Any CPU
		{7CAAF7EB-FBBA-4F8D-82A7-7588425D048B}.Release|Any CPU.ActiveCfg = Release|Any CPU
		{7CAAF7EB-FBBA-4F8D-82A7-7588425D048B}.Release|Any CPU.Build.0 = Release|Any CPU
		{7CAAF7EB-FBBA-4F8D-82A7-7588425D048B}.Release|ARM.ActiveCfg = Release|Any CPU
		{7CAAF7EB-FBBA-4F8D-82A7-7588425D048B}.Release|ARM.Build.0 = Release|Any CPU
		{7CAAF7EB-FBBA-4F8D-82A7-7588425D048B}.Release|x64.ActiveCfg = Release|Any CPU
		{7CAAF7EB-FBBA-4F8D-82A7-7588425D048B}.Release|x64.Build.0 = Release|Any CPU
		{7CAAF7EB-FBBA-4F8D-82A7-7588425D048B}.Release|x86.ActiveCfg = Release|Any CPU
		{7CAAF7EB-FBBA-4F8D-82A7-7588425D048B}.Release|x86.Build.0 = Release|Any CPU
		{4CB6DDCC-D984-47A5-A7A0-9823F995DA63}.Debug|Any CPU.ActiveCfg = Debug|Any CPU
		{4CB6DDCC-D984-47A5-A7A0-9823F995DA63}.Debug|Any CPU.Build.0 = Debug|Any CPU
		{4CB6DDCC-D984-47A5-A7A0-9823F995DA63}.Debug|ARM.ActiveCfg = Debug|Any CPU
		{4CB6DDCC-D984-47A5-A7A0-9823F995DA63}.Debug|ARM.Build.0 = Debug|Any CPU
		{4CB6DDCC-D984-47A5-A7A0-9823F995DA63}.Debug|x64.ActiveCfg = Debug|Any CPU
		{4CB6DDCC-D984-47A5-A7A0-9823F995DA63}.Debug|x64.Build.0 = Debug|Any CPU
		{4CB6DDCC-D984-47A5-A7A0-9823F995DA63}.Debug|x86.ActiveCfg = Debug|Any CPU
		{4CB6DDCC-D984-47A5-A7A0-9823F995DA63}.Debug|x86.Build.0 = Debug|Any CPU
		{4CB6DDCC-D984-47A5-A7A0-9823F995DA63}.Release|Any CPU.ActiveCfg = Release|Any CPU
		{4CB6DDCC-D984-47A5-A7A0-9823F995DA63}.Release|Any CPU.Build.0 = Release|Any CPU
		{4CB6DDCC-D984-47A5-A7A0-9823F995DA63}.Release|ARM.ActiveCfg = Release|Any CPU
		{4CB6DDCC-D984-47A5-A7A0-9823F995DA63}.Release|ARM.Build.0 = Release|Any CPU
		{4CB6DDCC-D984-47A5-A7A0-9823F995DA63}.Release|x64.ActiveCfg = Release|Any CPU
		{4CB6DDCC-D984-47A5-A7A0-9823F995DA63}.Release|x64.Build.0 = Release|Any CPU
		{4CB6DDCC-D984-47A5-A7A0-9823F995DA63}.Release|x86.ActiveCfg = Release|Any CPU
		{4CB6DDCC-D984-47A5-A7A0-9823F995DA63}.Release|x86.Build.0 = Release|Any CPU
		{075C4E40-C031-47E9-8F34-1A8C21093C27}.Debug|Any CPU.ActiveCfg = Debug|Any CPU
		{075C4E40-C031-47E9-8F34-1A8C21093C27}.Debug|Any CPU.Build.0 = Debug|Any CPU
		{075C4E40-C031-47E9-8F34-1A8C21093C27}.Debug|ARM.ActiveCfg = Debug|Any CPU
		{075C4E40-C031-47E9-8F34-1A8C21093C27}.Debug|ARM.Build.0 = Debug|Any CPU
		{075C4E40-C031-47E9-8F34-1A8C21093C27}.Debug|x64.ActiveCfg = Debug|Any CPU
		{075C4E40-C031-47E9-8F34-1A8C21093C27}.Debug|x64.Build.0 = Debug|Any CPU
		{075C4E40-C031-47E9-8F34-1A8C21093C27}.Debug|x86.ActiveCfg = Debug|Any CPU
		{075C4E40-C031-47E9-8F34-1A8C21093C27}.Debug|x86.Build.0 = Debug|Any CPU
		{075C4E40-C031-47E9-8F34-1A8C21093C27}.Release|Any CPU.ActiveCfg = Release|Any CPU
		{075C4E40-C031-47E9-8F34-1A8C21093C27}.Release|Any CPU.Build.0 = Release|Any CPU
		{075C4E40-C031-47E9-8F34-1A8C21093C27}.Release|ARM.ActiveCfg = Release|Any CPU
		{075C4E40-C031-47E9-8F34-1A8C21093C27}.Release|ARM.Build.0 = Release|Any CPU
		{075C4E40-C031-47E9-8F34-1A8C21093C27}.Release|x64.ActiveCfg = Release|Any CPU
		{075C4E40-C031-47E9-8F34-1A8C21093C27}.Release|x64.Build.0 = Release|Any CPU
		{075C4E40-C031-47E9-8F34-1A8C21093C27}.Release|x86.ActiveCfg = Release|Any CPU
		{075C4E40-C031-47E9-8F34-1A8C21093C27}.Release|x86.Build.0 = Release|Any CPU
	EndGlobalSection
	GlobalSection(SolutionProperties) = preSolution
		HideSolutionNode = FALSE
	EndGlobalSection
	GlobalSection(NestedProjects) = preSolution
		{08F1B603-99F3-4740-9F94-303C1664D92D} = {0619DFE8-59A3-40AD-8B34-17401800A068}
		{47075E2E-F1C3-4138-A472-7EA8BA9D3AA4} = {0619DFE8-59A3-40AD-8B34-17401800A068}
		{4CF3A89C-099A-46AD-AB39-060B45B2C17B} = {0619DFE8-59A3-40AD-8B34-17401800A068}
		{302EB03E-263F-4F6F-A68A-0717F3DE94AE} = {BC631CDA-4859-42D7-B480-AAE766553502}
		{F1634917-48C1-4885-A384-4B364818782B} = {21E31207-3F65-49FB-B1E1-9BFA1FB3E512}
		{E77056BE-CE57-470B-8D7B-76A5481A152A} = {26374709-A68C-4813-950A-268AED3D00E9}
		{045A96C3-1F77-44AF-813F-05807D3FB647} = {1F87D9B6-2DC4-4952-B606-0F2E80106F87}
		{617DF0A9-3D86-4E62-9A7A-FFA7A4F38A8C} = {C87C45F0-AFC9-4C06-8944-263BF899E325}
		{404EB7D9-CEB5-4F70-98DB-9353BDD09593} = {8519F9D4-02D2-4063-A088-E6B32A47AF48}
		{7CAAF7EB-FBBA-4F8D-82A7-7588425D048B} = {8519F9D4-02D2-4063-A088-E6B32A47AF48}
		{4CB6DDCC-D984-47A5-A7A0-9823F995DA63} = {C87C45F0-AFC9-4C06-8944-263BF899E325}
		{075C4E40-C031-47E9-8F34-1A8C21093C27} = {0619DFE8-59A3-40AD-8B34-17401800A068}
	EndGlobalSection
EndGlobal
